
Microsoft Visual Studio Solution File, Format Version 12.00
# Visual Studio Version 17
VisualStudioVersion = 17.0.31903.59
MinimumVisualStudioVersion = 10.0.40219.1
Project("{FAE04EC0-301F-11D3-BF4B-00C04F79EFBC}") = "SiteManagementSystem.Api", "SiteManagementSystem.Api\SiteManagementSystem.Api.csproj", "{2D094E6F-61B7-4225-A268-BDC43A5E4669}"
EndProject
Project("{FAE04EC0-301F-11D3-BF4B-00C04F79EFBC}") = "SiteManagementSystem.Tests", "SiteManagementSystem.Tests\SiteManagementSystem.Tests.csproj", "{46BE99E3-0DD9-455C-BF54-D089E77FC62B}"
EndProject
Global
	GlobalSection(SolutionConfigurationPlatforms) = preSolution
		Debug|Any CPU = Debug|Any CPU
		Release|Any CPU = Release|Any CPU
	EndGlobalSection
	GlobalSection(SolutionProperties) = preSolution
		HideSolutionNode = FALSE
	EndGlobalSection
	GlobalSection(ProjectConfigurationPlatforms) = postSolution
		{2D094E6F-61B7-4225-A268-BDC43A5E4669}.Debug|Any CPU.ActiveCfg = Debug|Any CPU
		{2D094E6F-61B7-4225-A268-BDC43A5E4669}.Debug|Any CPU.Build.0 = Debug|Any CPU
		{2D094E6F-61B7-4225-A268-BDC43A5E4669}.Release|Any CPU.ActiveCfg = Release|Any CPU
		{2D094E6F-61B7-4225-A268-BDC43A5E4669}.Release|Any CPU.Build.0 = Release|Any CPU
		{46BE99E3-0DD9-455C-BF54-D089E77FC62B}.Debug|Any CPU.ActiveCfg = Debug|Any CPU
		{46BE99E3-0DD9-455C-BF54-D089E77FC62B}.Debug|Any CPU.Build.0 = Debug|Any CPU
		{46BE99E3-0DD9-455C-BF54-D089E77FC62B}.Release|Any CPU.ActiveCfg = Release|Any CPU
		{46BE99E3-0DD9-455C-BF54-D089E77FC62B}.Release|Any CPU.Build.0 = Release|Any CPU
	EndGlobalSection
EndGlobal
